dependencies:
- name: nginx-ingress
  repository: https://kubernetes-charts.storage.googleapis.com/
  version: 0.22.1
- name: cert-manager
  repository: https://kubernetes-charts.storage.googleapis.com/
  version: v0.5.0
digest: sha256:d00f51003748df40a2b194de1aa683b04b4d2ed66e227cf77acd7c85faa31bb7
generated: 2018-10-18T16:22:57.2123659-07:00
